
Microsoft Visual Studio Solution File, Format Version 12.00
# Visual Studio Version 17
VisualStudioVersion = 17.7.34031.279
MinimumVisualStudioVersion = 10.0.40219.1
Project("{2150E333-8FDC-42A3-9474-1A3956D46DE8}") = "Core", "Core", "{A2AB9BAF-7073-474E-B533-84459D2E34CF}"
EndProject
Project("{2150E333-8FDC-42A3-9474-1A3956D46DE8}") = "Infrastructure", "Infrastructure", "{CD886D9C-6F08-4594-9983-2B889D6BD497}"
EndProject
Project("{2150E333-8FDC-42A3-9474-1A3956D46DE8}") = "Presentation", "Presentation", "{F59C7AAA-930D-407F-9C23-91562167C800}"
EndProject
Project("{9A19103F-16F7-4668-BE54-9A1E7A4F7556}") = "Niceremtech.Entities", "Entities\Niceremtech.Entities.csproj", "{96958B79-39B0-4B10-9894-E173DFA9334B}"
EndProject
Project("{9A19103F-16F7-4668-BE54-9A1E7A4F7556}") = "Niceremtech.Application", "Niceremtech.Applications\Niceremtech.Application.csproj", "{215296CC-0D65-464E-8410-827343749F9E}"
EndProject
Project("{2150E333-8FDC-42A3-9474-1A3956D46DE8}") = "Tests", "Tests", "{26ABDDDE-F1DA-4593-96BF-3D939DA86CAA}"
EndProject
Project("{9A19103F-16F7-4668-BE54-9A1E7A4F7556}") = "DbTests", "DbTests\DbTests.csproj", "{A170CDEE-DC9E-42DD-BDFA-0A3A0D8A53FA}"
EndProject
Project("{9A19103F-16F7-4668-BE54-9A1E7A4F7556}") = "NiceRemtech.Persistence", "NiceRemtech.Persistence\NiceRemtech.Persistence.csproj", "{D3EDBFBA-02A8-4A8E-AC3D-8E6B78E6923D}"
EndProject
Project("{FAE04EC0-301F-11D3-BF4B-00C04F79EFBC}") = "NiceRemtech.WebApi", "NiceRemtech.WebApi\NiceRemtech.WebApi\NiceRemtech.WebApi.csproj", "{A5BECBF8-B144-4794-A429-17E08496E542}"
EndProject
Global
	GlobalSection(SolutionConfigurationPlatforms) = preSolution
		Debug|Any CPU = Debug|Any CPU
		Release|Any CPU = Release|Any CPU
	EndGlobalSection
	GlobalSection(ProjectConfigurationPlatforms) = postSolution
		{96958B79-39B0-4B10-9894-E173DFA9334B}.Debug|Any CPU.ActiveCfg = Debug|Any CPU
		{96958B79-39B0-4B10-9894-E173DFA9334B}.Debug|Any CPU.Build.0 = Debug|Any CPU
		{96958B79-39B0-4B10-9894-E173DFA9334B}.Release|Any CPU.ActiveCfg = Release|Any CPU
		{96958B79-39B0-4B10-9894-E173DFA9334B}.Release|Any CPU.Build.0 = Release|Any CPU
		{215296CC-0D65-464E-8410-827343749F9E}.Debug|Any CPU.ActiveCfg = Debug|Any CPU
		{215296CC-0D65-464E-8410-827343749F9E}.Debug|Any CPU.Build.0 = Debug|Any CPU
		{215296CC-0D65-464E-8410-827343749F9E}.Release|Any CPU.ActiveCfg = Release|Any CPU
		{215296CC-0D65-464E-8410-827343749F9E}.Release|Any CPU.Build.0 = Release|Any CPU
		{A170CDEE-DC9E-42DD-BDFA-0A3A0D8A53FA}.Debug|Any CPU.ActiveCfg = Debug|Any CPU
		{A170CDEE-DC9E-42DD-BDFA-0A3A0D8A53FA}.Debug|Any CPU.Build.0 = Debug|Any CPU
		{A170CDEE-DC9E-42DD-BDFA-0A3A0D8A53FA}.Release|Any CPU.ActiveCfg = Release|Any CPU
		{A170CDEE-DC9E-42DD-BDFA-0A3A0D8A53FA}.Release|Any CPU.Build.0 = Release|Any CPU
		{D3EDBFBA-02A8-4A8E-AC3D-8E6B78E6923D}.Debug|Any CPU.ActiveCfg = Debug|Any CPU
		{D3EDBFBA-02A8-4A8E-AC3D-8E6B78E6923D}.Debug|Any CPU.Build.0 = Debug|Any CPU
		{D3EDBFBA-02A8-4A8E-AC3D-8E6B78E6923D}.Release|Any CPU.ActiveCfg = Release|Any CPU
		{D3EDBFBA-02A8-4A8E-AC3D-8E6B78E6923D}.Release|Any CPU.Build.0 = Release|Any CPU
		{A5BECBF8-B144-4794-A429-17E08496E542}.Debug|Any CPU.ActiveCfg = Debug|Any CPU
		{A5BECBF8-B144-4794-A429-17E08496E542}.Debug|Any CPU.Build.0 = Debug|Any CPU
		{A5BECBF8-B144-4794-A429-17E08496E542}.Release|Any CPU.ActiveCfg = Release|Any CPU
		{A5BECBF8-B144-4794-A429-17E08496E542}.Release|Any CPU.Build.0 = Release|Any CPU
	EndGlobalSection
	GlobalSection(SolutionProperties) = preSolution
		HideSolutionNode = FALSE
	EndGlobalSection
	GlobalSection(NestedProjects) = preSolution
		{96958B79-39B0-4B10-9894-E173DFA9334B} = {A2AB9BAF-7073-474E-B533-84459D2E34CF}
		{215296CC-0D65-464E-8410-827343749F9E} = {A2AB9BAF-7073-474E-B533-84459D2E34CF}
		{A170CDEE-DC9E-42DD-BDFA-0A3A0D8A53FA} = {26ABDDDE-F1DA-4593-96BF-3D939DA86CAA}
		{D3EDBFBA-02A8-4A8E-AC3D-8E6B78E6923D} = {CD886D9C-6F08-4594-9983-2B889D6BD497}
		{A5BECBF8-B144-4794-A429-17E08496E542} = {F59C7AAA-930D-407F-9C23-91562167C800}
	EndGlobalSection
	GlobalSection(ExtensibilityGlobals) = postSolution
		SolutionGuid = {CCCD37ED-B437-4779-BCB0-F2A2AA38F468}
	EndGlobalSection
EndGlobal
